
Microsoft Visual Studio Solution File, Format Version 12.00
# Visual Studio Version 16
VisualStudioVersion = 16.0.31624.102
MinimumVisualStudioVersion = 10.0.40219.1
Project("{FAE04EC0-301F-11D3-BF4B-00C04F79EFBC}") = "Mathematics", "Mathematics\Mathematics.csproj", "{154CEC7C-7CDC-4B8F-B2D4-0820A008457C}"
EndProject
Project("{FAE04EC0-301F-11D3-BF4B-00C04F79EFBC}") = "Mathematics.Test", "Mathematics.Test\Mathematics.Test.csproj", "{3EA52AE2-4079-4144-9FAB-874E93712672}"
EndProject
Global
	GlobalSection(SolutionConfigurationPlatforms) = preSolution
		Debug|Any CPU = Debug|Any CPU
		Release|Any CPU = Release|Any CPU
	EndGlobalSection
	GlobalSection(ProjectConfigurationPlatforms) = postSolution
		{154CEC7C-7CDC-4B8F-B2D4-0820A008457C}.Debug|Any CPU.ActiveCfg = Debug|Any CPU
		{154CEC7C-7CDC-4B8F-B2D4-0820A008457C}.Debug|Any CPU.Build.0 = Debug|Any CPU
		{154CEC7C-7CDC-4B8F-B2D4-0820A008457C}.Release|Any CPU.ActiveCfg = Release|Any CPU
		{154CEC7C-7CDC-4B8F-B2D4-0820A008457C}.Release|Any CPU.Build.0 = Release|Any CPU
		{3EA52AE2-4079-4144-9FAB-874E93712672}.Debug|Any CPU.ActiveCfg = Debug|Any CPU
		{3EA52AE2-4079-4144-9FAB-874E93712672}.Debug|Any CPU.Build.0 = Debug|Any CPU
		{3EA52AE2-4079-4144-9FAB-874E93712672}.Release|Any CPU.ActiveCfg = Release|Any CPU
		{3EA52AE2-4079-4144-9FAB-874E93712672}.Release|Any CPU.Build.0 = Release|Any CPU
	EndGlobalSection
	GlobalSection(SolutionProperties) = preSolution
		HideSolutionNode = FALSE
	EndGlobalSection
	GlobalSection(ExtensibilityGlobals) = postSolution
		SolutionGuid = {22F902DD-B162-498A-8FF1-4C4F8FD29B3D}
	EndGlobalSection
EndGlobal
